
Microsoft Visual Studio Solution File, Format Version 12.00
# Visual Studio Version 17
VisualStudioVersion = 17.4.33110.190
MinimumVisualStudioVersion = 10.0.40219.1
Project("{FAE04EC0-301F-11D3-BF4B-00C04F79EFBC}") = "EMSSSRS", "SSRSReportForEMS\EMSSSRS.csproj", "{A13C6E77-0BA3-453E-B865-3AD9B2DB8124}"
EndProject
Global
	GlobalSection(SolutionConfigurationPlatforms) = preSolution
		Debug|Any CPU = Debug|Any CPU
		Release|Any CPU = Release|Any CPU
	EndGlobalSection
	GlobalSection(ProjectConfigurationPlatforms) = postSolution
		{A13C6E77-0BA3-453E-B865-3AD9B2DB8124}.Debug|Any CPU.ActiveCfg = Debug|Any CPU
		{A13C6E77-0BA3-453E-B865-3AD9B2DB8124}.Debug|Any CPU.Build.0 = Debug|Any CPU
		{A13C6E77-0BA3-453E-B865-3AD9B2DB8124}.Release|Any CPU.ActiveCfg = Release|Any CPU
		{A13C6E77-0BA3-453E-B865-3AD9B2DB8124}.Release|Any CPU.Build.0 = Release|Any CPU
	EndGlobalSection
	GlobalSection(SolutionProperties) = preSolution
		HideSolutionNode = FALSE
	EndGlobalSection
	GlobalSection(ExtensibilityGlobals) = postSolution
		SolutionGuid = {83B15B06-92AA-465B-9950-A991981F3347}
	EndGlobalSection
EndGlobal
